
Microsoft Visual Studio Solution File, Format Version 12.00
# Visual Studio Version 17
VisualStudioVersion = 17.8.34525.116
MinimumVisualStudioVersion = 10.0.40219.1
Project("{FAE04EC0-301F-11D3-BF4B-00C04F79EFBC}") = "tp_sveikatele", "tp_sveikatele.csproj", "{696C118C-5F74-41FF-B540-9DB3F3F2DF19}"
EndProject
Global
	GlobalSection(SolutionConfigurationPlatforms) = preSolution
		Debug|Any CPU = Debug|Any CPU
		Release|Any CPU = Release|Any CPU
	EndGlobalSection
	GlobalSection(ProjectConfigurationPlatforms) = postSolution
		{696C118C-5F74-41FF-B540-9DB3F3F2DF19}.Debug|Any CPU.ActiveCfg = Debug|Any CPU
		{696C118C-5F74-41FF-B540-9DB3F3F2DF19}.Debug|Any CPU.Build.0 = Debug|Any CPU
		{696C118C-5F74-41FF-B540-9DB3F3F2DF19}.Release|Any CPU.ActiveCfg = Release|Any CPU
		{696C118C-5F74-41FF-B540-9DB3F3F2DF19}.Release|Any CPU.Build.0 = Release|Any CPU
	EndGlobalSection
	GlobalSection(SolutionProperties) = preSolution
		HideSolutionNode = FALSE
	EndGlobalSection
	GlobalSection(ExtensibilityGlobals) = postSolution
		SolutionGuid = {850933E2-0A22-4AA7-BB72-AB28ABAB8BDC}
	EndGlobalSection
EndGlobal
